
Microsoft Visual Studio Solution File, Format Version 12.00
# Visual Studio Version 16
VisualStudioVersion = 16.0.31025.194
MinimumVisualStudioVersion = 10.0.40219.1
Project("{FAE04EC0-301F-11D3-BF4B-00C04F79EFBC}") = "ITPM TTMS", "ITPM TTMS\ITPM TTMS.csproj", "{A5DF6F06-98DC-4F23-89C1-650B5684E453}"
EndProject
Global
	GlobalSection(SolutionConfigurationPlatforms) = preSolution
		Debug|Any CPU = Debug|Any CPU
		Release|Any CPU = Release|Any CPU
	EndGlobalSection
	GlobalSection(ProjectConfigurationPlatforms) = postSolution
		{A5DF6F06-98DC-4F23-89C1-650B5684E453}.Debug|Any CPU.ActiveCfg = Debug|Any CPU
		{A5DF6F06-98DC-4F23-89C1-650B5684E453}.Debug|Any CPU.Build.0 = Debug|Any CPU
		{A5DF6F06-98DC-4F23-89C1-650B5684E453}.Release|Any CPU.ActiveCfg = Release|Any CPU
		{A5DF6F06-98DC-4F23-89C1-650B5684E453}.Release|Any CPU.Build.0 = Release|Any CPU
	EndGlobalSection
	GlobalSection(SolutionProperties) = preSolution
		HideSolutionNode = FALSE
	EndGlobalSection
	GlobalSection(ExtensibilityGlobals) = postSolution
		SolutionGuid = {366222E3-AC3F-48C7-8679-9EEA3072D79A}
	EndGlobalSection
EndGlobal
